# THIS IS AN AUTOGENERATED FILE. DO NOT EDIT THIS FILE DIRECTLY.
# yarn lockfile v1


"@rails/actioncable@^6.0.0":
  version "6.0.5"
  resolved "https://registry.yarnpkg.com/@rails/actioncable/-/actioncable-6.0.5.tgz#a889f25b0c13ea0215d747e32fa3d1a52967f17b"
  integrity sha512-79sIsTpIoHnJ6pRHKaC6h5NMRpY+VZD4mqOKN/035X1ehxHgToDWvgMZ4jV5y1qeObg4enmNESmgeKoImYGzOw==

"@rails/activestorage@^6.0.0":
  version "6.0.5"
  resolved "https://registry.yarnpkg.com/@rails/activestorage/-/activestorage-6.0.5.tgz#446e4b3f45bf1d4e1c6fd0b8b6e2566cb70c2b18"
  integrity sha512-jp2UKh1QChjOGsApYO3HHuBH1yfv4mqOcKuB70fsT79O/CJWEACVnjKIdaqO+B9BJTKihaxyyepvL7kLfUFiDw==
  dependencies:
    spark-md5 "^3.0.0"

"@rails/ujs@^6.0.0":
  version "6.0.5"
  resolved "https://registry.yarnpkg.com/@rails/ujs/-/ujs-6.0.5.tgz#53e63a02271a7494a7925a30ed0a3672ec177337"
  integrity sha512-6nEyc+7jhVQGx84sO7yalQq1G+ZgJa72/5q9Avsm4yIZqVymvLEftK90+B0XZhvJzbiNnbDIFC4Wx5mgHo7lTw==

spark-md5@^3.0.0:
  version "3.0.2"
  resolved "https://registry.yarnpkg.com/spark-md5/-/spark-md5-3.0.2.tgz#7952c4a30784347abcee73268e473b9c0167e3fc"
  integrity sha512-wcFzz9cDfbuqe0FZzfi2or1sgyIrsDwmPwfZC4hiNidPdPINjeUwNfv5kldczoEAcjl9Y1L3SM7Uz2PUEQzxQw==

turbolinks@^5.2.0:
  version "5.2.0"
  resolved "https://registry.yarnpkg.com/turbolinks/-/turbolinks-5.2.0.tgz#e6877a55ea5c1cb3bb225f0a4ae303d6d32ff77c"
  integrity sha512-pMiez3tyBo6uRHFNNZoYMmrES/IaGgMhQQM+VFF36keryjb5ms0XkVpmKHkfW/4Vy96qiGW3K9bz0tF5sK9bBw==
